// !$*UTF8*$!
{
	archiveVersion = 1;
	classes = {
	};
	objectVersion = 50;
	objects = {

/* Begin PBXBuildFile section */
		F43CB4382306D42E009BA875 /* AppDelegate.swift in Sources */ = {isa = PBXBuildFile; fileRef = F43CB4372306D42E009BA875 /* AppDelegate.swift */; };
		F43CB43A2306D42E009BA875 /* ViewController.swift in Sources */ = {isa = PBXBuildFile; fileRef = F43CB4392306D42E009BA875 /* ViewController.swift */; };
		F43CB43D2306D42E009BA875 /* Main.storyboard in Resources */ = {isa = PBXBuildFile; fileRef = F43CB43B2306D42E009BA875 /* Main.storyboard */; };
		F43CB4402306D42E009BA875 /* SpeechRecognition.xcdatamodeld in Sources */ = {isa = PBXBuildFile; fileRef = F43CB43E2306D42E009BA875 /* SpeechRecognition.xcdatamodeld */; };
		F43CB4422306D430009BA875 /* Assets.xcassets in Resources */ = {isa = PBXBuildFile; fileRef = F43CB4412306D430009BA875 /* Assets.xcassets */; };
		F43CB4452306D430009BA875 /* LaunchScreen.storyboard in Resources */ = {isa = PBXBuildFile; fileRef = F43CB4432306D430009BA875 /* LaunchScreen.storyboard */; };
		F43CB4502306D430009BA875 /* SpeechRecognitionTests.swift in Sources */ = {isa = PBXBuildFile; fileRef = F43CB44F2306D430009BA875 /* SpeechRecognitionTests.swift */; };
		F43CB45B2306D430009BA875 /* SpeechRecognitionUITests.swift in Sources */ = {isa = PBXBuildFile; fileRef = F43CB45A2306D430009BA875 /* SpeechRecognitionUITests.swift */; };
		F43CB4692306D512009BA875 /* AudioServer.swift in Sources */ = {isa = PBXBuildFile; fileRef = F43CB4682306D512009BA875 /* AudioServer.swift */; };
/* End PBXBuildFile section */

/* Begin PBXContainerItemProxy section */
		F43CB44C2306D430009BA875 /* PBXContainerItemProxy */ = {
			isa = PBXContainerItemProxy;
			containerPortal = F43CB42C2306D42E009BA875 /* Project object */;
			proxyType = 1;
			remoteGlobalIDString = F43CB4332306D42E009BA875;
			remoteInfo = SpeechRecognition;
		};
		F43CB4572306D430009BA875 /* PBXContainerItemProxy */ = {
			isa = PBXContainerItemProxy;
			containerPortal = F43CB42C2306D42E009BA875 /* Project object */;
			proxyType = 1;
			remoteGlobalIDString = F43CB4332306D42E009BA875;
			remoteInfo = SpeechRecognition;
		};
/* End PBXContainerItemProxy section */

/* Begin PBXFileReference section */
		F43CB4342306D42E009BA875 /* SpeechRecognition.app */ = {isa = PBXFileReference; explicitFileType = wrapper.application; includeInIndex = 0; path = SpeechRecognition.app; sourceTree = BUILT_PRODUCTS_DIR; };
		F43CB4372306D42E009BA875 /* AppDelegate.swift */ = {isa = PBXFileReference; lastKnownFileType = sourcecode.swift; path = AppDelegate.swift; sourceTree = "<group>"; };
		F43CB4392306D42E009BA875 /* ViewController.swift */ = {isa = PBXFileReference; lastKnownFileType = sourcecode.swift; path = ViewController.swift; sourceTree = "<group>"; };
		F43CB43C2306D42E009BA875 /* Base */ = {isa = PBXFileReference; lastKnownFileType = file.storyboard; name = Base; path = Base.lproj/Main.storyboard; sourceTree = "<group>"; };
		F43CB43F2306D42E009BA875 /* SpeechRecognition.xcdatamodel */ = {isa = PBXFileReference; lastKnownFileType = wrapper.xcdatamodel; path = SpeechRecognition.xcdatamodel; sourceTree = "<group>"; };
		F43CB4412306D430009BA875 /* Assets.xcassets */ = {isa = PBXFileReference; lastKnownFileType = folder.assetcatalog; path = Assets.xcassets; sourceTree = "<group>"; };
		F43CB4442306D430009BA875 /* Base */ = {isa = PBXFileReference; lastKnownFileType = file.storyboard; name = Base; path = Base.lproj/LaunchScreen.storyboard; sourceTree = "<group>"; };
		F43CB4462306D430009BA875 /* Info.plist */ = {isa = PBXFileReference; lastKnownFileType = text.plist.xml; path = Info.plist; sourceTree = "<group>"; };
		F43CB44B2306D430009BA875 /* SpeechRecognitionTests.xctest */ = {isa = PBXFileReference; explicitFileType = wrapper.cfbundle; includeInIndex = 0; path = SpeechRecognitionTests.xctest; sourceTree = BUILT_PRODUCTS_DIR; };
		F43CB44F2306D430009BA875 /* SpeechRecognitionTests.swift */ = {isa = PBXFileReference; lastKnownFileType = sourcecode.swift; path = SpeechRecognitionTests.swift; sourceTree = "<group>"; };
		F43CB4512306D430009BA875 /* Info.plist */ = {isa = PBXFileReference; lastKnownFileType = text.plist.xml; path = Info.plist; sourceTree = "<group>"; };
		F43CB4562306D430009BA875 /* SpeechRecognitionUITests.xctest */ = {isa = PBXFileReference; explicitFileType = wrapper.cfbundle; includeInIndex = 0; path = SpeechRecognitionUITests.xctest; sourceTree = BUILT_PRODUCTS_DIR; };
		F43CB45A2306D430009BA875 /* SpeechRecognitionUITests.swift */ = {isa = PBXFileReference; lastKnownFileType = sourcecode.swift; path = SpeechRecognitionUITests.swift; sourceTree = "<group>"; };
		F43CB45C2306D430009BA875 /* Info.plist */ = {isa = PBXFileReference; lastKnownFileType = text.plist.xml; path = Info.plist; sourceTree = "<group>"; };
		F43CB4682306D512009BA875 /* AudioServer.swift */ = {isa = PBXFileReference; lastKnownFileType = sourcecode.swift; path = AudioServer.swift; sourceTree = "<group>"; };
/* End PBXFileReference section */

/* Begin PBXFrameworksBuildPhase section */
		F43CB4312306D42E009BA875 /* Frameworks */ = {
			isa = PBXFrameworksBuildPhase;
			buildActionMask = 2147483647;
			files = (
			);
			runOnlyForDeploymentPostprocessing = 0;
		};
		F43CB4482306D430009BA875 /* Frameworks */ = {
			isa = PBXFrameworksBuildPhase;
			buildActionMask = 2147483647;
			files = (
			);
			runOnlyForDeploymentPostprocessing = 0;
		};
		F43CB4532306D430009BA875 /* Frameworks */ = {
			isa = PBXFrameworksBuildPhase;
			buildActionMask = 2147483647;
			files = (
			);
			runOnlyForDeploymentPostprocessing = 0;
		};
/* End PBXFrameworksBuildPhase section */

/* Begin PBXGroup section */
		F43CB42B2306D42E009BA875 = {
			isa = PBXGroup;
			children = (
				F43CB4362306D42E009BA875 /* SpeechRecognition */,
				F43CB44E2306D430009BA875 /* SpeechRecognitionTests */,
				F43CB4592306D430009BA875 /* SpeechRecognitionUITests */,
				F43CB4352306D42E009BA875 /* Products */,
			);
			sourceTree = "<group>";
		};
		F43CB4352306D42E009BA875 /* Products */ = {
			isa = PBXGroup;
			children = (
				F43CB4342306D42E009BA875 /* SpeechRecognition.app */,
				F43CB44B2306D430009BA875 /* SpeechRecognitionTests.xctest */,
				F43CB4562306D430009BA875 /* SpeechRecognitionUITests.xctest */,
			);
			name = Products;
			sourceTree = "<group>";
		};
		F43CB4362306D42E009BA875 /* SpeechRecognition */ = {
			isa = PBXGroup;
			children = (
				F43CB4372306D42E009BA875 /* AppDelegate.swift */,
				F43CB4392306D42E009BA875 /* ViewController.swift */,
				F43CB43B2306D42E009BA875 /* Main.storyboard */,
				F43CB4412306D430009BA875 /* Assets.xcassets */,
				F43CB4432306D430009BA875 /* LaunchScreen.storyboard */,
				F43CB4462306D430009BA875 /* Info.plist */,
				F43CB43E2306D42E009BA875 /* SpeechRecognition.xcdatamodeld */,
				F43CB4682306D512009BA875 /* AudioServer.swift */,
			);
			path = SpeechRecognition;
			sourceTree = "<group>";
		};
		F43CB44E2306D430009BA875 /* SpeechRecognitionTests */ = {
			isa = PBXGroup;
			children = (
				F43CB44F2306D430009BA875 /* SpeechRecognitionTests.swift */,
				F43CB4512306D430009BA875 /* Info.plist */,
			);
			path = SpeechRecognitionTests;
			sourceTree = "<group>";
		};
		F43CB4592306D430009BA875 /* SpeechRecognitionUITests */ = {
			isa = PBXGroup;
			children = (
				F43CB45A2306D430009BA875 /* SpeechRecognitionUITests.swift */,
				F43CB45C2306D430009BA875 /* Info.plist */,
			);
			path = SpeechRecognitionUITests;
			sourceTree = "<group>";
		};
/* End PBXGroup section */

/* Begin PBXNativeTarget section */
		F43CB4332306D42E009BA875 /* SpeechRecognition */ = {
			isa = PBXNativeTarget;
			buildConfigurationList = F43CB45F2306D430009BA875 /* Build configuration list for PBXNativeTarget "SpeechRecognition" */;
			buildPhases = (
				F43CB4302306D42E009BA875 /* Sources */,
				F43CB4312306D42E009BA875 /* Frameworks */,
				F43CB4322306D42E009BA875 /* Resources */,
			);
			buildRules = (
			);
			dependencies = (
			);
			name = SpeechRecognition;
			productName = SpeechRecognition;
			productReference = F43CB4342306D42E009BA875 /* SpeechRecognition.app */;
			productType = "com.apple.product-type.application";
		};
		F43CB44A2306D430009BA875 /* SpeechRecognitionTests */ = {
			isa = PBXNativeTarget;
			buildConfigurationList = F43CB4622306D430009BA875 /* Build configuration list for PBXNativeTarget "SpeechRecognitionTests" */;
			buildPhases = (
				F43CB4472306D430009BA875 /* Sources */,
				F43CB4482306D430009BA875 /* Frameworks */,
				F43CB4492306D430009BA875 /* Resources */,
			);
			buildRules = (
			);
			dependencies = (
				F43CB44D2306D430009BA875 /* PBXTargetDependency */,
			);
			name = SpeechRecognitionTests;
			productName = SpeechRecognitionTests;
			productReference = F43CB44B2306D430009BA875 /* SpeechRecognitionTests.xctest */;
			productType = "com.apple.product-type.bundle.unit-test";
		};
		F43CB4552306D430009BA875 /* SpeechRecognitionUITests */ = {
			isa = PBXNativeTarget;
			buildConfigurationList = F43CB4652306D430009BA875 /* Build configuration list for PBXNativeTarget "SpeechRecognitionUITests" */;
			buildPhases = (
				F43CB4522306D430009BA875 /* Sources */,
				F43CB4532306D430009BA875 /* Frameworks */,
				F43CB4542306D430009BA875 /* Resources */,
			);
			buildRules = (
			);
			dependencies = (
				F43CB4582306D430009BA875 /* PBXTargetDependency */,
			);
			name = SpeechRecognitionUITests;
			productName = SpeechRecognitionUITests;
			productReference = F43CB4562306D430009BA875 /* SpeechRecognitionUITests.xctest */;
			productType = "com.apple.product-type.bundle.ui-testing";
		};
/* End PBXNativeTarget section */

/* Begin PBXProject section */
		F43CB42C2306D42E009BA875 /* Project object */ = {
			isa = PBXProject;
			attributes = {
				LastSwiftUpdateCheck = 1030;
				LastUpgradeCheck = 1030;
				ORGANIZATIONNAME = "Vitor Mendes";
				TargetAttributes = {
					F43CB4332306D42E009BA875 = {
						CreatedOnToolsVersion = 10.3;
					};
					F43CB44A2306D430009BA875 = {
						CreatedOnToolsVersion = 10.3;
						TestTargetID = F43CB4332306D42E009BA875;
					};
					F43CB4552306D430009BA875 = {
						CreatedOnToolsVersion = 10.3;
						TestTargetID = F43CB4332306D42E009BA875;
					};
				};
			};
			buildConfigurationList = F43CB42F2306D42E009BA875 /* Build configuration list for PBXProject "SpeechRecognition" */;
			compatibilityVersion = "Xcode 9.3";
			developmentRegion = en;
			hasScannedForEncodings = 0;
			knownRegions = (
				en,
				Base,
			);
			mainGroup = F43CB42B2306D42E009BA875;
			productRefGroup = F43CB4352306D42E009BA875 /* Products */;
			projectDirPath = "";
			projectRoot = "";
			targets = (
				F43CB4332306D42E009BA875 /* SpeechRecognition */,
				F43CB44A2306D430009BA875 /* SpeechRecognitionTests */,
				F43CB4552306D430009BA875 /* SpeechRecognitionUITests */,
			);
		};
/* End PBXProject section */

/* Begin PBXResourcesBuildPhase section */
		F43CB4322306D42E009BA875 /* Resources */ = {
			isa = PBXResourcesBuildPhase;
			buildActionMask = 2147483647;
			files = (
				F43CB4452306D430009BA875 /* LaunchScreen.storyboard in Resources */,
				F43CB4422306D430009BA875 /* Assets.xcassets in Resources */,
				F43CB43D2306D42E009BA875 /* Main.storyboard in Resources */,
			);
			runOnlyForDeploymentPostprocessing = 0;
		};
		F43CB4492306D430009BA875 /* Resources */ = {
			isa = PBXResourcesBuildPhase;
			buildActionMask = 2147483647;
			files = (
			);
			runOnlyForDeploymentPostprocessing = 0;
		};
		F43CB4542306D430009BA875 /* Resources */ = {
			isa = PBXResourcesBuildPhase;
			buildActionMask = 2147483647;
			files = (
			);
			runOnlyForDeploymentPostprocessing = 0;
		};
/* End PBXResourcesBuildPhase section */

/* Begin PBXSourcesBuildPhase section */
		F43CB4302306D42E009BA875 /* Sources */ = {
			isa = PBXSourcesBuildPhase;
			buildActionMask = 2147483647;
			files = (
				F43CB43A2306D42E009BA875 /* ViewController.swift in Sources */,
				F43CB4692306D512009BA875 /* AudioServer.swift in Sources */,
				F43CB4402306D42E009BA875 /* SpeechRecognition.xcdatamodeld in Sources */,
				F43CB4382306D42E009BA875 /* AppDelegate.swift in Sources */,
			);
			runOnlyForDeploymentPostprocessing = 0;
		};
		F43CB4472306D430009BA875 /* Sources */ = {
			isa = PBXSourcesBuildPhase;
			buildActionMask = 2147483647;
			files = (
				F43CB4502306D430009BA875 /* SpeechRecognitionTests.swift in Sources */,
			);
			runOnlyForDeploymentPostprocessing = 0;
		};
		F43CB4522306D430009BA875 /* Sources */ = {
			isa = PBXSourcesBuildPhase;
			buildActionMask = 2147483647;
			files = (
				F43CB45B2306D430009BA875 /* SpeechRecognitionUITests.swift in Sources */,
			);
			runOnlyForDeploymentPostprocessing = 0;
		};
/* End PBXSourcesBuildPhase section */

/* Begin PBXTargetDependency section */
		F43CB44D2306D430009BA875 /* PBXTargetDependency */ = {
			isa = PBXTargetDependency;
			target = F43CB4332306D42E009BA875 /* SpeechRecognition */;
			targetProxy = F43CB44C2306D430009BA875 /* PBXContainerItemProxy */;
		};
		F43CB4582306D430009BA875 /* PBXTargetDependency */ = {
			isa = PBXTargetDependency;
			target = F43CB4332306D42E009BA875 /* SpeechRecognition */;
			targetProxy = F43CB4572306D430009BA875 /* PBXContainerItemProxy */;
		};
/* End PBXTargetDependency section */

/* Begin PBXVariantGroup section */
		F43CB43B2306D42E009BA875 /* Main.storyboard */ = {
			isa = PBXVariantGroup;
			children = (
				F43CB43C2306D42E009BA875 /* Base */,
			);
			name = Main.storyboard;
			sourceTree = "<group>";
		};
		F43CB4432306D430009BA875 /* LaunchScreen.storyboard */ = {
			isa = PBXVariantGroup;
			children = (
				F43CB4442306D430009BA875 /* Base */,
			);
			name = LaunchScreen.storyboard;
			sourceTree = "<group>";
		};
/* End PBXVariantGroup section */

/* Begin XCBuildConfiguration section */
		F43CB45D2306D430009BA875 /* Debug */ = {
			isa = XCBuildConfiguration;
			buildSettings = {
				ALWAYS_SEARCH_USER_PATHS = NO;
				CLANG_ANALYZER_NONNULL = YES;
				CLANG_ANALYZER_NUMBER_OBJECT_CONVERSION = YES_AGGRESSIVE;
				CLANG_CXX_LANGUAGE_STANDARD = "gnu++14";
				CLANG_CXX_LIBRARY = "libc++";
				CLANG_ENABLE_MODULES = YES;
				CLANG_ENABLE_OBJC_ARC = YES;
				CLANG_ENABLE_OBJC_WEAK = YES;
				CLANG_WARN_BLOCK_CAPTURE_AUTORELEASING = YES;
				CLANG_WARN_BOOL_CONVERSION = YES;
				CLANG_WARN_COMMA = YES;
				CLANG_WARN_CONSTANT_CONVERSION = YES;
				CLANG_WARN_DEPRECATED_OBJC_IMPLEMENTATIONS = YES;
				CLANG_WARN_DIRECT_OBJC_ISA_USAGE = YES_ERROR;
				CLANG_WARN_DOCUMENTATION_COMMENTS = YES;
				CLANG_WARN_EMPTY_BODY = YES;
				CLANG_WARN_ENUM_CONVERSION = YES;
				CLANG_WARN_INFINITE_RECURSION = YES;
				CLANG_WARN_INT_CONVERSION = YES;
				CLANG_WARN_NON_LITERAL_NULL_CONVERSION = YES;
				CLANG_WARN_OBJC_IMPLICIT_RETAIN_SELF = YES;
				CLANG_WARN_OBJC_LITERAL_CONVERSION = YES;
				CLANG_WARN_OBJC_ROOT_CLASS = YES_ERROR;
				CLANG_WARN_RANGE_LOOP_ANALYSIS = YES;
				CLANG_WARN_STRICT_PROTOTYPES = YES;
				CLANG_WARN_SUSPICIOUS_MOVE = YES;
				CLANG_WARN_UNGUARDED_AVAILABILITY = YES_AGGRESSIVE;
				CLANG_WARN_UNREACHABLE_CODE = YES;
				CLANG_WARN__DUPLICATE_METHOD_MATCH = YES;
				CODE_SIGN_IDENTITY = "iPhone Developer";
				COPY_PHASE_STRIP = NO;
				DEBUG_INFORMATION_FORMAT = dwarf;
				ENABLE_STRICT_OBJC_MSGSEND = YES;
				ENABLE_TESTABILITY = YES;
				GCC_C_LANGUAGE_STANDARD = gnu11;
				GCC_DYNAMIC_NO_PIC = NO;
				GCC_NO_COMMON_BLOCKS = YES;
				GCC_OPTIMIZATION_LEVEL = 0;
				GCC_PREPROCESSOR_DEFINITIONS = (
					"DEBUG=1",
					"$(inherited)",
				);
				GCC_WARN_64_TO_32_BIT_CONVERSION = YES;
				GCC_WARN_ABOUT_RETURN_TYPE = YES_ERROR;
				GCC_WARN_UNDECLARED_SELECTOR = YES;
				GCC_WARN_UNINITIALIZED_AUTOS = YES_AGGRESSIVE;
				GCC_WARN_UNUSED_FUNCTION = YES;
				GCC_WARN_UNUSED_VARIABLE = YES;
				IPHONEOS_DEPLOYMENT_TARGET = 12.4;
				MTL_ENABLE_DEBUG_INFO = INCLUDE_SOURCE;
				MTL_FAST_MATH = YES;
				ONLY_ACTIVE_ARCH = YES;
				SDKROOT = iphoneos;
				SWIFT_ACTIVE_COMPILATION_CONDITIONS = DEBUG;
				SWIFT_OPTIMIZATION_LEVEL = "-Onone";
			};
			name = Debug;
		};
		F43CB45E2306D430009BA875 /* Release */ = {
			isa = XCBuildConfiguration;
			buildSettings = {
				ALWAYS_SEARCH_USER_PATHS = NO;
				CLANG_ANALYZER_NONNULL = YES;
				CLANG_ANALYZER_NUMBER_OBJECT_CONVERSION = YES_AGGRESSIVE;
				CLANG_CXX_LANGUAGE_STANDARD = "gnu++14";
				CLANG_CXX_LIBRARY = "libc++";
				CLANG_ENABLE_MODULES = YES;
				CLANG_ENABLE_OBJC_ARC = YES;
				CLANG_ENABLE_OBJC_WEAK = YES;
				CLANG_WARN_BLOCK_CAPTURE_AUTORELEASING = YES;
				CLANG_WARN_BOOL_CONVERSION = YES;
				CLANG_WARN_COMMA = YES;
				CLANG_WARN_CONSTANT_CONVERSION = YES;
				CLANG_WARN_DEPRECATED_OBJC_IMPLEMENTATIONS = YES;
				CLANG_WARN_DIRECT_OBJC_ISA_USAGE = YES_ERROR;
				CLANG_WARN_DOCUMENTATION_COMMENTS = YES;
				CLANG_WARN_EMPTY_BODY = YES;
				CLANG_WARN_ENUM_CONVERSION = YES;
				CLANG_WARN_INFINITE_RECURSION = YES;
				CLANG_WARN_INT_CONVERSION = YES;
				CLANG_WARN_NON_LITERAL_NULL_CONVERSION = YES;
				CLANG_WARN_OBJC_IMPLICIT_RETAIN_SELF = YES;
				CLANG_WARN_OBJC_LITERAL_CONVERSION = YES;
				CLANG_WARN_OBJC_ROOT_CLASS = YES_ERROR;
				CLANG_WARN_RANGE_LOOP_ANALYSIS = YES;
				CLANG_WARN_STRICT_PROTOTYPES = YES;
				CLANG_WARN_SUSPICIOUS_MOVE = YES;
				CLANG_WARN_UNGUARDED_AVAILABILITY = YES_AGGRESSIVE;
				CLANG_WARN_UNREACHABLE_CODE = YES;
				CLANG_WARN__DUPLICATE_METHOD_MATCH = YES;
				CODE_SIGN_IDENTITY = "iPhone Developer";
				COPY_PHASE_STRIP = NO;
				DEBUG_INFORMATION_FORMAT = "dwarf-with-dsym";
				ENABLE_NS_ASSERTIONS = NO;
				ENABLE_STRICT_OBJC_MSGSEND = YES;
				GCC_C_LANGUAGE_STANDARD = gnu11;
				GCC_NO_COMMON_BLOCKS = YES;
				GCC_WARN_64_TO_32_BIT_CONVERSION = YES;
				GCC_WARN_ABOUT_RETURN_TYPE = YES_ERROR;
				GCC_WARN_UNDECLARED_SELECTOR = YES;
				GCC_WARN_UNINITIALIZED_AUTOS = YES_AGGRESSIVE;
				GCC_WARN_UNUSED_FUNCTION = YES;
				GCC_WARN_UNUSED_VARIABLE = YES;
				IPHONEOS_DEPLOYMENT_TARGET = 12.4;
				MTL_ENABLE_DEBUG_INFO = NO;
				MTL_FAST_MATH = YES;
				SDKROOT = iphoneos;
				SWIFT_COMPILATION_MODE = wholemodule;
				SWIFT_OPTIMIZATION_LEVEL = "-O";
				VALIDATE_PRODUCT = YES;
			};
			name = Release;
		};
		F43CB4602306D430009BA875 /* Debug */ = {
			isa = XCBuildConfiguration;
			buildSettings = {
				ASSETCATALOG_COMPILER_APPICON_NAME = AppIcon;
				CODE_SIGN_STYLE = Automatic;
				DEVELOPMENT_TEAM = CF9NF5L47X;
				INFOPLIST_FILE = SpeechRecognition/Info.plist;
				LD_RUNPATH_SEARCH_PATHS = (
					"$(inherited)",
					"@executable_path/Frameworks",
				);
				PRODUCT_BUNDLE_IDENTIFIER = br.com.SpeechRecognition;
				PRODUCT_NAME = "$(TARGET_NAME)";
				SWIFT_VERSION = 5.0;
				TARGETED_DEVICE_FAMILY = "1,2";
			};
			name = Debug;
		};
		F43CB4612306D430009BA875 /* Release */ = {
			isa = XCBuildConfiguration;
			buildSettings = {
				ASSETCATALOG_COMPILER_APPICON_NAME = AppIcon;
				CODE_SIGN_STYLE = Automatic;
				DEVELOPMENT_TEAM = CF9NF5L47X;
				INFOPLIST_FILE = SpeechRecognition/Info.plist;
				LD_RUNPATH_SEARCH_PATHS = (
					"$(inherited)",
					"@executable_path/Frameworks",
				);
				PRODUCT_BUNDLE_IDENTIFIER = br.com.SpeechRecognition;
				PRODUCT_NAME = "$(TARGET_NAME)";
				SWIFT_VERSION = 5.0;
				TARGETED_DEVICE_FAMILY = "1,2";
			};
			name = Release;
		};
		F43CB4632306D430009BA875 /* Debug */ = {
			isa = XCBuildConfiguration;
			buildSettings = {
				ALWAYS_EMBED_SWIFT_STANDARD_LIBRARIES = YES;
				BUNDLE_LOADER = "$(TEST_HOST)";
				CODE_SIGN_STYLE = Automatic;
				DEVELOPMENT_TEAM = CF9NF5L47X;
				INFOPLIST_FILE = SpeechRecognitionTests/Info.plist;
				LD_RUNPATH_SEARCH_PATHS = (
					"$(inherited)",
					"@executable_path/Frameworks",
					"@loader_path/Frameworks",
				);
				PRODUCT_BUNDLE_IDENTIFIER = br.com.SpeechRecognitionTests;
				PRODUCT_NAME = "$(TARGET_NAME)";
				SWIFT_VERSION = 5.0;
				TARGETED_DEVICE_FAMILY = "1,2";
				TEST_HOST = "$(BUILT_PRODUCTS_DIR)/SpeechRecognition.app/SpeechRecognition";
			};
			name = Debug;
		};
		F43CB4642306D430009BA875 /* Release */ = {
			isa = XCBuildConfiguration;
			buildSettings = {
				ALWAYS_EMBED_SWIFT_STANDARD_LIBRARIES = YES;
				BUNDLE_LOADER = "$(TEST_HOST)";
				CODE_SIGN_STYLE = Automatic;
				DEVELOPMENT_TEAM = CF9NF5L47X;
				INFOPLIST_FILE = SpeechRecognitionTests/Info.plist;
				LD_RUNPATH_SEARCH_PATHS = (
					"$(inherited)",
					"@executable_path/Frameworks",
					"@loader_path/Frameworks",
				);
				PRODUCT_BUNDLE_IDENTIFIER = br.com.SpeechRecognitionTests;
				PRODUCT_NAME = "$(TARGET_NAME)";
				SWIFT_VERSION = 5.0;
				TARGETED_DEVICE_FAMILY = "1,2";
				TEST_HOST = "$(BUILT_PRODUCTS_DIR)/SpeechRecognition.app/SpeechRecognition";
			};
			name = Release;
		};
		F43CB4662306D430009BA875 /* Debug */ = {
			isa = XCBuildConfiguration;
			buildSettings = {
				ALWAYS_EMBED_SWIFT_STANDARD_LIBRARIES = YES;
				CODE_SIGN_STYLE = Automatic;
				DEVELOPMENT_TEAM = CF9NF5L47X;
				INFOPLIST_FILE = SpeechRecognitionUITests/Info.plist;
				LD_RUNPATH_SEARCH_PATHS = (
					"$(inherited)",
					"@executable_path/Frameworks",
					"@loader_path/Frameworks",
				);
				PRODUCT_BUNDLE_IDENTIFIER = br.com.SpeechRecognitionUITests;
				PRODUCT_NAME = "$(TARGET_NAME)";
				SWIFT_VERSION = 5.0;
				TARGETED_DEVICE_FAMILY = "1,2";
				TEST_TARGET_NAME = SpeechRecognition;
			};
			name = Debug;
		};
		F43CB4672306D430009BA875 /* Release */ = {
			isa = XCBuildConfiguration;
			buildSettings = {
				ALWAYS_EMBED_SWIFT_STANDARD_LIBRARIES = YES;
				CODE_SIGN_STYLE = Automatic;
				DEVELOPMENT_TEAM = CF9NF5L47X;
				INFOPLIST_FILE = SpeechRecognitionUITests/Info.plist;
				LD_RUNPATH_SEARCH_PATHS = (
					"$(inherited)",
					"@executable_path/Frameworks",
					"@loader_path/Frameworks",
				);
				PRODUCT_BUNDLE_IDENTIFIER = br.com.SpeechRecognitionUITests;
				PRODUCT_NAME = "$(TARGET_NAME)";
				SWIFT_VERSION = 5.0;
				TARGETED_DEVICE_FAMILY = "1,2";
				TEST_TARGET_NAME = SpeechRecognition;
			};
			name = Release;
		};
/* End XCBuildConfiguration section */

/* Begin XCConfigurationList section */
		F43CB42F2306D42E009BA875 /* Build configuration list for PBXProject "SpeechRecognition" */ = {
			isa = XCConfigurationList;
			buildConfigurations = (
				F43CB45D2306D430009BA875 /* Debug */,
				F43CB45E2306D430009BA875 /* Release */,
			);
			defaultConfigurationIsVisible = 0;
			defaultConfigurationName = Release;
		};
		F43CB45F2306D430009BA875 /* Build configuration list for PBXNativeTarget "SpeechRecognition" */ = {
			isa = XCConfigurationList;
			buildConfigurations = (
				F43CB4602306D430009BA875 /* Debug */,
				F43CB4612306D430009BA875 /* Release */,
			);
			defaultConfigurationIsVisible = 0;
			defaultConfigurationName = Release;
		};
		F43CB4622306D430009BA875 /* Build configuration list for PBXNativeTarget "SpeechRecognitionTests" */ = {
			isa = XCConfigurationList;
			buildConfigurations = (
				F43CB4632306D430009BA875 /* Debug */,
				F43CB4642306D430009BA875 /* Release */,
			);
			defaultConfigurationIsVisible = 0;
			defaultConfigurationName = Release;
		};
		F43CB4652306D430009BA875 /* Build configuration list for PBXNativeTarget "SpeechRecognitionUITests" */ = {
			isa = XCConfigurationList;
			buildConfigurations = (
				F43CB4662306D430009BA875 /* Debug */,
				F43CB4672306D430009BA875 /* Release */,
			);
			defaultConfigurationIsVisible = 0;
			defaultConfigurationName = Release;
		};
/* End XCConfigurationList section */

/* Begin XCVersionGroup section */
		F43CB43E2306D42E009BA875 /* SpeechRecognition.xcdatamodeld */ = {
			isa = XCVersionGroup;
			children = (
				F43CB43F2306D42E009BA875 /* SpeechRecognition.xcdatamodel */,
			);
			currentVersion = F43CB43F2306D42E009BA875 /* SpeechRecognition.xcdatamodel */;
			path = SpeechRecognition.xcdatamodeld;
			sourceTree = "<group>";
			versionGroupType = wrapper.xcdatamodel;
		};
/* End XCVersionGroup section */
	};
	rootObject = F43CB42C2306D42E009BA875 /* Project object */;
}
